// !$*UTF8*$!
{
	archiveVersion = 1;
	classes = {
	};
	objectVersion = 50;
	objects = {

/* Begin PBXBuildFile section */
		CAAD7FFE25BB7D5500F3EC2A /* AppDelegate.swift in Sources */ = {isa = PBXBuildFile; fileRef = CAAD7FFD25BB7D5500F3EC2A /* AppDelegate.swift */; };
		CAAD800025BB7D5500F3EC2A /* SceneDelegate.swift in Sources */ = {isa = PBXBuildFile; fileRef = CAAD7FFF25BB7D5500F3EC2A /* SceneDelegate.swift */; };
		CAAD800225BB7D5500F3EC2A /* ViewController.swift in Sources */ = {isa = PBXBuildFile; fileRef = CAAD800125BB7D5500F3EC2A /* ViewController.swift */; };
		CAAD800525BB7D5500F3EC2A /* Main.storyboard in Resources */ = {isa = PBXBuildFile; fileRef = CAAD800325BB7D5500F3EC2A /* Main.storyboard */; };
		CAAD800725BB7D5600F3EC2A /* Assets.xcassets in Resources */ = {isa = PBXBuildFile; fileRef = CAAD800625BB7D5600F3EC2A /* Assets.xcassets */; };
		CAAD800A25BB7D5600F3EC2A /* LaunchScreen.storyboard in Resources */ = {isa = PBXBuildFile; fileRef = CAAD800825BB7D5600F3EC2A /* LaunchScreen.storyboard */; };
/* End PBXBuildFile section */

/* Begin PBXFileReference section */
		CAAD7FFA25BB7D5500F3EC2A /* My_First_App.app */ = {isa = PBXFileReference; explicitFileType = wrapper.application; includeInIndex = 0; path = My_First_App.app; sourceTree = BUILT_PRODUCTS_DIR; };
		CAAD7FFD25BB7D5500F3EC2A /* AppDelegate.swift */ = {isa = PBXFileReference; lastKnownFileType = sourcecode.swift; path = AppDelegate.swift; sourceTree = "<group>"; };
		CAAD7FFF25BB7D5500F3EC2A /* SceneDelegate.swift */ = {isa = PBXFileReference; lastKnownFileType = sourcecode.swift; path = SceneDelegate.swift; sourceTree = "<group>"; };
		CAAD800125BB7D5500F3EC2A /* ViewController.swift */ = {isa = PBXFileReference; lastKnownFileType = sourcecode.swift; path = ViewController.swift; sourceTree = "<group>"; };
		CAAD800425BB7D5500F3EC2A /* Base */ = {isa = PBXFileReference; lastKnownFileType = file.storyboard; name = Base; path = Base.lproj/Main.storyboard; sourceTree = "<group>"; };
		CAAD800625BB7D5600F3EC2A /* Assets.xcassets */ = {isa = PBXFileReference; lastKnownFileType = folder.assetcatalog; path = Assets.xcassets; sourceTree = "<group>"; };
		CAAD800925BB7D5600F3EC2A /* Base */ = {isa = PBXFileReference; lastKnownFileType = file.storyboard; name = Base; path = Base.lproj/LaunchScreen.storyboard; sourceTree = "<group>"; };
		CAAD800B25BB7D5600F3EC2A /* Info.plist */ = {isa = PBXFileReference; lastKnownFileType = text.plist.xml; path = Info.plist; sourceTree = "<group>"; };
/* End PBXFileReference section */

/* Begin PBXFrameworksBuildPhase section */
		CAAD7FF725BB7D5500F3EC2A /* Frameworks */ = {
			isa = PBXFrameworksBuildPhase;
			buildActionMask = 2147483647;
			files = (
			);
			runOnlyForDeploymentPostprocessing = 0;
		};
/* End PBXFrameworksBuildPhase section */

/* Begin PBXGroup section */
		CAAD7FF125BB7D5500F3EC2A = {
			isa = PBXGroup;
			children = (
				CAAD7FFC25BB7D5500F3EC2A /* My_First_App */,
				CAAD7FFB25BB7D5500F3EC2A /* Products */,
			);
			sourceTree = "<group>";
		};
		CAAD7FFB25BB7D5500F3EC2A /* Products */ = {
			isa = PBXGroup;
			children = (
				CAAD7FFA25BB7D5500F3EC2A /* My_First_App.app */,
			);
			name = Products;
			sourceTree = "<group>";
		};
		CAAD7FFC25BB7D5500F3EC2A /* My_First_App */ = {
			isa = PBXGroup;
			children = (
				CAAD7FFD25BB7D5500F3EC2A /* AppDelegate.swift */,
				CAAD7FFF25BB7D5500F3EC2A /* SceneDelegate.swift */,
				CAAD800125BB7D5500F3EC2A /* ViewController.swift */,
				CAAD800325BB7D5500F3EC2A /* Main.storyboard */,
				CAAD800625BB7D5600F3EC2A /* Assets.xcassets */,
				CAAD800825BB7D5600F3EC2A /* LaunchScreen.storyboard */,
				CAAD800B25BB7D5600F3EC2A /* Info.plist */,
			);
			path = My_First_App;
			sourceTree = "<group>";
		};
/* End PBXGroup section */

/* Begin PBXNativeTarget section */
		CAAD7FF925BB7D5500F3EC2A /* My_First_App */ = {
			isa = PBXNativeTarget;
			buildConfigurationList = CAAD800E25BB7D5600F3EC2A /* Build configuration list for PBXNativeTarget "My_First_App" */;
			buildPhases = (
				CAAD7FF625BB7D5500F3EC2A /* Sources */,
				CAAD7FF725BB7D5500F3EC2A /* Frameworks */,
				CAAD7FF825BB7D5500F3EC2A /* Resources */,
			);
			buildRules = (
			);
			dependencies = (
			);
			name = My_First_App;
			productName = My_First_App;
			productReference = CAAD7FFA25BB7D5500F3EC2A /* My_First_App.app */;
			productType = "com.apple.product-type.application";
		};
/* End PBXNativeTarget section */

/* Begin PBXProject section */
		CAAD7FF225BB7D5500F3EC2A /* Project object */ = {
			isa = PBXProject;
			attributes = {
				LastSwiftUpdateCheck = 1230;
				LastUpgradeCheck = 1230;
				TargetAttributes = {
					CAAD7FF925BB7D5500F3EC2A = {
						CreatedOnToolsVersion = 12.3;
					};
				};
			};
			buildConfigurationList = CAAD7FF525BB7D5500F3EC2A /* Build configuration list for PBXProject "My_First_App" */;
			compatibilityVersion = "Xcode 9.3";
			developmentRegion = en;
			hasScannedForEncodings = 0;
			knownRegions = (
				en,
				Base,
			);
			mainGroup = CAAD7FF125BB7D5500F3EC2A;
			productRefGroup = CAAD7FFB25BB7D5500F3EC2A /* Products */;
			projectDirPath = "";
			projectRoot = "";
			targets = (
				CAAD7FF925BB7D5500F3EC2A /* My_First_App */,
			);
		};
/* End PBXProject section */

/* Begin PBXResourcesBuildPhase section */
		CAAD7FF825BB7D5500F3EC2A /* Resources */ = {
			isa = PBXResourcesBuildPhase;
			buildActionMask = 2147483647;
			files = (
				CAAD800A25BB7D5600F3EC2A /* LaunchScreen.storyboard in Resources */,
				CAAD800725BB7D5600F3EC2A /* Assets.xcassets in Resources */,
				CAAD800525BB7D5500F3EC2A /* Main.storyboard in Resources */,
			);
			runOnlyForDeploymentPostprocessing = 0;
		};
/* End PBXResourcesBuildPhase section */

/* Begin PBXSourcesBuildPhase section */
		CAAD7FF625BB7D5500F3EC2A /* Sources */ = {
			isa = PBXSourcesBuildPhase;
			buildActionMask = 2147483647;
			files = (
				CAAD800225BB7D5500F3EC2A /* ViewController.swift in Sources */,
				CAAD7FFE25BB7D5500F3EC2A /* AppDelegate.swift in Sources */,
				CAAD800025BB7D5500F3EC2A /* SceneDelegate.swift in Sources */,
			);
			runOnlyForDeploymentPostprocessing = 0;
		};
/* End PBXSourcesBuildPhase section */

/* Begin PBXVariantGroup section */
		CAAD800325BB7D5500F3EC2A /* Main.storyboard */ = {
			isa = PBXVariantGroup;
			children = (
				CAAD800425BB7D5500F3EC2A /* Base */,
			);
			name = Main.storyboard;
			sourceTree = "<group>";
		};
		CAAD800825BB7D5600F3EC2A /* LaunchScreen.storyboard */ = {
			isa = PBXVariantGroup;
			children = (
				CAAD800925BB7D5600F3EC2A /* Base */,
			);
			name = LaunchScreen.storyboard;
			sourceTree = "<group>";
		};
/* End PBXVariantGroup section */

/* Begin XCBuildConfiguration section */
		CAAD800C25BB7D5600F3EC2A /* Debug */ = {
			isa = XCBuildConfiguration;
			buildSettings = {
				ALWAYS_SEARCH_USER_PATHS = NO;
				CLANG_ANALYZER_NONNULL = YES;
				CLANG_ANALYZER_NUMBER_OBJECT_CONVERSION = YES_AGGRESSIVE;
				CLANG_CXX_LANGUAGE_STANDARD = "gnu++14";
				CLANG_CXX_LIBRARY = "libc++";
				CLANG_ENABLE_MODULES = YES;
				CLANG_ENABLE_OBJC_ARC = YES;
				CLANG_ENABLE_OBJC_WEAK = YES;
				CLANG_WARN_BLOCK_CAPTURE_AUTORELEASING = YES;
				CLANG_WARN_BOOL_CONVERSION = YES;
				CLANG_WARN_COMMA = YES;
				CLANG_WARN_CONSTANT_CONVERSION = YES;
				CLANG_WARN_DEPRECATED_OBJC_IMPLEMENTATIONS = YES;
				CLANG_WARN_DIRECT_OBJC_ISA_USAGE = YES_ERROR;
				CLANG_WARN_DOCUMENTATION_COMMENTS = YES;
				CLANG_WARN_EMPTY_BODY = YES;
				CLANG_WARN_ENUM_CONVERSION = YES;
				CLANG_WARN_INFINITE_RECURSION = YES;
				CLANG_WARN_INT_CONVERSION = YES;
				CLANG_WARN_NON_LITERAL_NULL_CONVERSION = YES;
				CLANG_WARN_OBJC_IMPLICIT_RETAIN_SELF = YES;
				CLANG_WARN_OBJC_LITERAL_CONVERSION = YES;
				CLANG_WARN_OBJC_ROOT_CLASS = YES_ERROR;
				CLANG_WARN_QUOTED_INCLUDE_IN_FRAMEWORK_HEADER = YES;
				CLANG_WARN_RANGE_LOOP_ANALYSIS = YES;
				CLANG_WARN_STRICT_PROTOTYPES = YES;
				CLANG_WARN_SUSPICIOUS_MOVE = YES;
				CLANG_WARN_UNGUARDED_AVAILABILITY = YES_AGGRESSIVE;
				CLANG_WARN_UNREACHABLE_CODE = YES;
				CLANG_WARN__DUPLICATE_METHOD_MATCH = YES;
				COPY_PHASE_STRIP = NO;
				DEBUG_INFORMATION_FORMAT = dwarf;
				ENABLE_STRICT_OBJC_MSGSEND = YES;
				ENABLE_TESTABILITY = YES;
				GCC_C_LANGUAGE_STANDARD = gnu11;
				GCC_DYNAMIC_NO_PIC = NO;
				GCC_NO_COMMON_BLOCKS = YES;
				GCC_OPTIMIZATION_LEVEL = 0;
				GCC_PREPROCESSOR_DEFINITIONS = (
					"DEBUG=1",
					"$(inherited)",
				);
				GCC_WARN_64_TO_32_BIT_CONVERSION = YES;
				GCC_WARN_ABOUT_RETURN_TYPE = YES_ERROR;
				GCC_WARN_UNDECLARED_SELECTOR = YES;
				GCC_WARN_UNINITIALIZED_AUTOS = YES_AGGRESSIVE;
				GCC_WARN_UNUSED_FUNCTION = YES;
				GCC_WARN_UNUSED_VARIABLE = YES;
				IPHONEOS_DEPLOYMENT_TARGET = 14.3;
				MTL_ENABLE_DEBUG_INFO = INCLUDE_SOURCE;
				MTL_FAST_MATH = YES;
				ONLY_ACTIVE_ARCH = YES;
				SDKROOT = iphoneos;
				SWIFT_ACTIVE_COMPILATION_CONDITIONS = DEBUG;
				SWIFT_OPTIMIZATION_LEVEL = "-Onone";
			};
			name = Debug;
		};
		CAAD800D25BB7D5600F3EC2A /* Release */ = {
			isa = XCBuildConfiguration;
			buildSettings = {
				ALWAYS_SEARCH_USER_PATHS = NO;
				CLANG_ANALYZER_NONNULL = YES;
				CLANG_ANALYZER_NUMBER_OBJECT_CONVERSION = YES_AGGRESSIVE;
				CLANG_CXX_LANGUAGE_STANDARD = "gnu++14";
				CLANG_CXX_LIBRARY = "libc++";
				CLANG_ENABLE_MODULES = YES;
				CLANG_ENABLE_OBJC_ARC = YES;
				CLANG_ENABLE_OBJC_WEAK = YES;
				CLANG_WARN_BLOCK_CAPTURE_AUTORELEASING = YES;
				CLANG_WARN_BOOL_CONVERSION = YES;
				CLANG_WARN_COMMA = YES;
				CLANG_WARN_CONSTANT_CONVERSION = YES;
				CLANG_WARN_DEPRECATED_OBJC_IMPLEMENTATIONS = YES;
				CLANG_WARN_DIRECT_OBJC_ISA_USAGE = YES_ERROR;
				CLANG_WARN_DOCUMENTATION_COMMENTS = YES;
				CLANG_WARN_EMPTY_BODY = YES;
				CLANG_WARN_ENUM_CONVERSION = YES;
				CLANG_WARN_INFINITE_RECURSION = YES;
				CLANG_WARN_INT_CONVERSION = YES;
				CLANG_WARN_NON_LITERAL_NULL_CONVERSION = YES;
				CLANG_WARN_OBJC_IMPLICIT_RETAIN_SELF = YES;
				CLANG_WARN_OBJC_LITERAL_CONVERSION = YES;
				CLANG_WARN_OBJC_ROOT_CLASS = YES_ERROR;
				CLANG_WARN_QUOTED_INCLUDE_IN_FRAMEWORK_HEADER = YES;
				CLANG_WARN_RANGE_LOOP_ANALYSIS = YES;
				CLANG_WARN_STRICT_PROTOTYPES = YES;
				CLANG_WARN_SUSPICIOUS_MOVE = YES;
				CLANG_WARN_UNGUARDED_AVAILABILITY = YES_AGGRESSIVE;
				CLANG_WARN_UNREACHABLE_CODE = YES;
				CLANG_WARN__DUPLICATE_METHOD_MATCH = YES;
				COPY_PHASE_STRIP = NO;
				DEBUG_INFORMATION_FORMAT = "dwarf-with-dsym";
				ENABLE_NS_ASSERTIONS = NO;
				ENABLE_STRICT_OBJC_MSGSEND = YES;
				GCC_C_LANGUAGE_STANDARD = gnu11;
				GCC_NO_COMMON_BLOCKS = YES;
				GCC_WARN_64_TO_32_BIT_CONVERSION = YES;
				GCC_WARN_ABOUT_RETURN_TYPE = YES_ERROR;
				GCC_WARN_UNDECLARED_SELECTOR = YES;
				GCC_WARN_UNINITIALIZED_AUTOS = YES_AGGRESSIVE;
				GCC_WARN_UNUSED_FUNCTION = YES;
				GCC_WARN_UNUSED_VARIABLE = YES;
				IPHONEOS_DEPLOYMENT_TARGET = 14.3;
				MTL_ENABLE_DEBUG_INFO = NO;
				MTL_FAST_MATH = YES;
				SDKROOT = iphoneos;
				SWIFT_COMPILATION_MODE = wholemodule;
				SWIFT_OPTIMIZATION_LEVEL = "-O";
				VALIDATE_PRODUCT = YES;
			};
			name = Release;
		};
		CAAD800F25BB7D5600F3EC2A /* Debug */ = {
			isa = XCBuildConfiguration;
			buildSettings = {
				ASSETCATALOG_COMPILER_APPICON_NAME = AppIcon;
				ASSETCATALOG_COMPILER_GLOBAL_ACCENT_COLOR_NAME = AccentColor;
				CODE_SIGN_STYLE = Automatic;
				INFOPLIST_FILE = My_First_App/Info.plist;
				LD_RUNPATH_SEARCH_PATHS = (
					"$(inherited)",
					"@executable_path/Frameworks",
				);
				PRODUCT_BUNDLE_IDENTIFIER = "su.My-First-App";
				PRODUCT_NAME = "$(TARGET_NAME)";
				SWIFT_VERSION = 5.0;
				TARGETED_DEVICE_FAMILY = "1,2";
			};
			name = Debug;
		};
		CAAD801025BB7D5600F3EC2A /* Release */ = {
			isa = XCBuildConfiguration;
			buildSettings = {
				ASSETCATALOG_COMPILER_APPICON_NAME = AppIcon;
				ASSETCATALOG_COMPILER_GLOBAL_ACCENT_COLOR_NAME = AccentColor;
				CODE_SIGN_STYLE = Automatic;
				INFOPLIST_FILE = My_First_App/Info.plist;
				LD_RUNPATH_SEARCH_PATHS = (
					"$(inherited)",
					"@executable_path/Frameworks",
				);
				PRODUCT_BUNDLE_IDENTIFIER = "su.My-First-App";
				PRODUCT_NAME = "$(TARGET_NAME)";
				SWIFT_VERSION = 5.0;
				TARGETED_DEVICE_FAMILY = "1,2";
			};
			name = Release;
		};
/* End XCBuildConfiguration section */

/* Begin XCConfigurationList section */
		CAAD7FF525BB7D5500F3EC2A /* Build configuration list for PBXProject "My_First_App" */ = {
			isa = XCConfigurationList;
			buildConfigurations = (
				CAAD800C25BB7D5600F3EC2A /* Debug */,
				CAAD800D25BB7D5600F3EC2A /* Release */,
			);
			defaultConfigurationIsVisible = 0;
			defaultConfigurationName = Release;
		};
		CAAD800E25BB7D5600F3EC2A /* Build configuration list for PBXNativeTarget "My_First_App" */ = {
			isa = XCConfigurationList;
			buildConfigurations = (
				CAAD800F25BB7D5600F3EC2A /* Debug */,
				CAAD801025BB7D5600F3EC2A /* Release */,
			);
			defaultConfigurationIsVisible = 0;
			defaultConfigurationName = Release;
		};
/* End XCConfigurationList section */
	};
	rootObject = CAAD7FF225BB7D5500F3EC2A /* Project object */;
}
